
Microsoft Visual Studio Solution File, Format Version 12.00
# Visual Studio Version 17
VisualStudioVersion = 17.7.34031.279
MinimumVisualStudioVersion = 10.0.40219.1
Project("{9A19103F-16F7-4668-BE54-9A1E7A4F7556}") = "ToDoList.Entities", "..\..\azure\projects\serverless\src\entities\ToDoList.Entities.csproj", "{022915ED-95D9-4224-8110-3E6CFCDA6982}"
EndProject
Project("{9A19103F-16F7-4668-BE54-9A1E7A4F7556}") = "ToDoList.Messaging", "..\..\azure\projects\serverless\src\messaging\ToDoList.Messaging.csproj", "{C5F35DD8-9CBA-4354-8B7E-7DC19473FEFB}"
EndProject
Project("{9A19103F-16F7-4668-BE54-9A1E7A4F7556}") = "ToDoList.Model", "..\..\azure\projects\serverless\src\model\ToDoList.Model.csproj", "{036BF05A-B0BF-4FB7-B9B7-EA733D371D5F}"
EndProject
Project("{9A19103F-16F7-4668-BE54-9A1E7A4F7556}") = "ToDoList", "..\..\azure\projects\serverless\src\web\ToDoList.csproj", "{7434FD24-9205-4F97-9440-AE8661F0B5CE}"
EndProject
Project("{9A19103F-16F7-4668-BE54-9A1E7A4F7556}") = "TodoList_Functions", "..\..\azure\projects\serverless\functions\TodoList.Functions\TodoList_Functions.csproj", "{BD8BD677-E23E-450F-B8D7-D0B17B83EE3A}"
EndProject
Global
	GlobalSection(SolutionConfigurationPlatforms) = preSolution
		Debug|Any CPU = Debug|Any CPU
		Release|Any CPU = Release|Any CPU
	EndGlobalSection
	GlobalSection(ProjectConfigurationPlatforms) = postSolution
		{022915ED-95D9-4224-8110-3E6CFCDA6982}.Debug|Any CPU.ActiveCfg = Debug|Any CPU
		{022915ED-95D9-4224-8110-3E6CFCDA6982}.Debug|Any CPU.Build.0 = Debug|Any CPU
		{022915ED-95D9-4224-8110-3E6CFCDA6982}.Release|Any CPU.ActiveCfg = Release|Any CPU
		{022915ED-95D9-4224-8110-3E6CFCDA6982}.Release|Any CPU.Build.0 = Release|Any CPU
		{C5F35DD8-9CBA-4354-8B7E-7DC19473FEFB}.Debug|Any CPU.ActiveCfg = Debug|Any CPU
		{C5F35DD8-9CBA-4354-8B7E-7DC19473FEFB}.Debug|Any CPU.Build.0 = Debug|Any CPU
		{C5F35DD8-9CBA-4354-8B7E-7DC19473FEFB}.Release|Any CPU.ActiveCfg = Release|Any CPU
		{C5F35DD8-9CBA-4354-8B7E-7DC19473FEFB}.Release|Any CPU.Build.0 = Release|Any CPU
		{036BF05A-B0BF-4FB7-B9B7-EA733D371D5F}.Debug|Any CPU.ActiveCfg = Debug|Any CPU
		{036BF05A-B0BF-4FB7-B9B7-EA733D371D5F}.Debug|Any CPU.Build.0 = Debug|Any CPU
		{036BF05A-B0BF-4FB7-B9B7-EA733D371D5F}.Release|Any CPU.ActiveCfg = Release|Any CPU
		{036BF05A-B0BF-4FB7-B9B7-EA733D371D5F}.Release|Any CPU.Build.0 = Release|Any CPU
		{7434FD24-9205-4F97-9440-AE8661F0B5CE}.Debug|Any CPU.ActiveCfg = Debug|Any CPU
		{7434FD24-9205-4F97-9440-AE8661F0B5CE}.Debug|Any CPU.Build.0 = Debug|Any CPU
		{7434FD24-9205-4F97-9440-AE8661F0B5CE}.Release|Any CPU.ActiveCfg = Release|Any CPU
		{7434FD24-9205-4F97-9440-AE8661F0B5CE}.Release|Any CPU.Build.0 = Release|Any CPU
		{BD8BD677-E23E-450F-B8D7-D0B17B83EE3A}.Debug|Any CPU.ActiveCfg = Debug|Any CPU
		{BD8BD677-E23E-450F-B8D7-D0B17B83EE3A}.Debug|Any CPU.Build.0 = Debug|Any CPU
		{BD8BD677-E23E-450F-B8D7-D0B17B83EE3A}.Release|Any CPU.ActiveCfg = Release|Any CPU
		{BD8BD677-E23E-450F-B8D7-D0B17B83EE3A}.Release|Any CPU.Build.0 = Release|Any CPU
	EndGlobalSection
	GlobalSection(SolutionProperties) = preSolution
		HideSolutionNode = FALSE
	EndGlobalSection
	GlobalSection(ExtensibilityGlobals) = postSolution
		SolutionGuid = {1706F0F5-3943-43D7-9F72-D993073E6DD8}
	EndGlobalSection
EndGlobal
